
Microsoft Visual Studio Solution File, Format Version 12.00
# Visual Studio 15
VisualStudioVersion = 15.0.28307.489
MinimumVisualStudioVersion = 10.0.40219.1
Project("{FAE04EC0-301F-11D3-BF4B-00C04F79EFBC}") = "TestAngular", "TestAngular\TestAngular.csproj", "{A73D1C53-BF57-4262-B392-B91E5E19A601}"
EndProject
Global
	GlobalSection(SolutionConfigurationPlatforms) = preSolution
		Debug|Any CPU = Debug|Any CPU
		Release|Any CPU = Release|Any CPU
	EndGlobalSection
	GlobalSection(ProjectConfigurationPlatforms) = postSolution
		{A73D1C53-BF57-4262-B392-B91E5E19A601}.Debug|Any CPU.ActiveCfg = Debug|Any CPU
		{A73D1C53-BF57-4262-B392-B91E5E19A601}.Debug|Any CPU.Build.0 = Debug|Any CPU
		{A73D1C53-BF57-4262-B392-B91E5E19A601}.Release|Any CPU.ActiveCfg = Release|Any CPU
		{A73D1C53-BF57-4262-B392-B91E5E19A601}.Release|Any CPU.Build.0 = Release|Any CPU
	EndGlobalSection
	GlobalSection(SolutionProperties) = preSolution
		HideSolutionNode = FALSE
	EndGlobalSection
	GlobalSection(ExtensibilityGlobals) = postSolution
		SolutionGuid = {4BF84CE8-7CBC-400C-B80D-0C285E7ADD43}
	EndGlobalSection
EndGlobal
